
Microsoft Visual Studio Solution File, Format Version 12.00
# Visual Studio Version 16
VisualStudioVersion = 16.0.29306.81
MinimumVisualStudioVersion = 10.0.40219.1
Project("{FAE04EC0-301F-11D3-BF4B-00C04F79EFBC}") = "AOS_Lab2", "AOS_Lab2.csproj", "{726CFF5F-D88B-443C-A0F8-2149EB9CB82D}"
EndProject
Global
	GlobalSection(SolutionConfigurationPlatforms) = preSolution
		Debug|Any CPU = Debug|Any CPU
		Release|Any CPU = Release|Any CPU
	EndGlobalSection
	GlobalSection(ProjectConfigurationPlatforms) = postSolution
		{726CFF5F-D88B-443C-A0F8-2149EB9CB82D}.Debug|Any CPU.ActiveCfg = Debug|Any CPU
		{726CFF5F-D88B-443C-A0F8-2149EB9CB82D}.Debug|Any CPU.Build.0 = Debug|Any CPU
		{726CFF5F-D88B-443C-A0F8-2149EB9CB82D}.Release|Any CPU.ActiveCfg = Release|Any CPU
		{726CFF5F-D88B-443C-A0F8-2149EB9CB82D}.Release|Any CPU.Build.0 = Release|Any CPU
	EndGlobalSection
	GlobalSection(SolutionProperties) = preSolution
		HideSolutionNode = FALSE
	EndGlobalSection
	GlobalSection(ExtensibilityGlobals) = postSolution
		SolutionGuid = {424251C8-E8F6-4D16-80C0-558F1E5E96BA}
	EndGlobalSection
EndGlobal
